// !$*UTF8*$!
{
	archiveVersion = 1;
	classes = {
	};
	objectVersion = 50;
	objects = {

/* Begin PBXBuildFile section */
		EA62261F298E41C0007904D7 /* AppDelegate.swift in Sources */ = {isa = PBXBuildFile; fileRef = EA62261E298E41C0007904D7 /* AppDelegate.swift */; };
		EA622621298E41C0007904D7 /* SceneDelegate.swift in Sources */ = {isa = PBXBuildFile; fileRef = EA622620298E41C0007904D7 /* SceneDelegate.swift */; };
		EA622623298E41C0007904D7 /* ViewController.swift in Sources */ = {isa = PBXBuildFile; fileRef = EA622622298E41C0007904D7 /* ViewController.swift */; };
		EA622626298E41C0007904D7 /* Main.storyboard in Resources */ = {isa = PBXBuildFile; fileRef = EA622624298E41C0007904D7 /* Main.storyboard */; };
		EA622628298E41D8007904D7 /* Assets.xcassets in Resources */ = {isa = PBXBuildFile; fileRef = EA622627298E41D8007904D7 /* Assets.xcassets */; };
		EA62262B298E41D8007904D7 /* LaunchScreen.storyboard in Resources */ = {isa = PBXBuildFile; fileRef = EA622629298E41D8007904D7 /* LaunchScreen.storyboard */; };
		EA622634298E434E007904D7 /* raceVC.swift in Sources */ = {isa = PBXBuildFile; fileRef = EA622633298E434E007904D7 /* raceVC.swift */; };
		EA622637298E436A007904D7 /* matrixCountVC.swift in Sources */ = {isa = PBXBuildFile; fileRef = EA622636298E436A007904D7 /* matrixCountVC.swift */; };
/* End PBXBuildFile section */

/* Begin PBXFileReference section */
		EA62261B298E41C0007904D7 /* lab8-exercise.app */ = {isa = PBXFileReference; explicitFileType = wrapper.application; includeInIndex = 0; path = "lab8-exercise.app"; sourceTree = BUILT_PRODUCTS_DIR; };
		EA62261E298E41C0007904D7 /* AppDelegate.swift */ = {isa = PBXFileReference; lastKnownFileType = sourcecode.swift; path = AppDelegate.swift; sourceTree = "<group>"; };
		EA622620298E41C0007904D7 /* SceneDelegate.swift */ = {isa = PBXFileReference; lastKnownFileType = sourcecode.swift; path = SceneDelegate.swift; sourceTree = "<group>"; };
		EA622622298E41C0007904D7 /* ViewController.swift */ = {isa = PBXFileReference; lastKnownFileType = sourcecode.swift; path = ViewController.swift; sourceTree = "<group>"; };
		EA622625298E41C0007904D7 /* Base */ = {isa = PBXFileReference; lastKnownFileType = file.storyboard; name = Base; path = Base.lproj/Main.storyboard; sourceTree = "<group>"; };
		EA622627298E41D8007904D7 /* Assets.xcassets */ = {isa = PBXFileReference; lastKnownFileType = folder.assetcatalog; path = Assets.xcassets; sourceTree = "<group>"; };
		EA62262A298E41D8007904D7 /* Base */ = {isa = PBXFileReference; lastKnownFileType = file.storyboard; name = Base; path = Base.lproj/LaunchScreen.storyboard; sourceTree = "<group>"; };
		EA62262C298E41D8007904D7 /* Info.plist */ = {isa = PBXFileReference; lastKnownFileType = text.plist.xml; path = Info.plist; sourceTree = "<group>"; };
		EA622633298E434E007904D7 /* raceVC.swift */ = {isa = PBXFileReference; lastKnownFileType = sourcecode.swift; path = raceVC.swift; sourceTree = "<group>"; };
		EA622636298E436A007904D7 /* matrixCountVC.swift */ = {isa = PBXFileReference; lastKnownFileType = sourcecode.swift; path = matrixCountVC.swift; sourceTree = "<group>"; };
/* End PBXFileReference section */

/* Begin PBXFrameworksBuildPhase section */
		EA622618298E41C0007904D7 /* Frameworks */ = {
			isa = PBXFrameworksBuildPhase;
			buildActionMask = 2147483647;
			files = (
			);
			runOnlyForDeploymentPostprocessing = 0;
		};
/* End PBXFrameworksBuildPhase section */

/* Begin PBXGroup section */
		EA622612298E41C0007904D7 = {
			isa = PBXGroup;
			children = (
				EA62261D298E41C0007904D7 /* lab8-exercise */,
			);
			sourceTree = "<group>";
		};
		EA62261C298E41C0007904D7 /* Products */ = {
			isa = PBXGroup;
			children = (
				EA62261B298E41C0007904D7 /* lab8-exercise.app */,
			);
			name = Products;
			path = ..;
			sourceTree = "<group>";
		};
		EA62261D298E41C0007904D7 /* lab8-exercise */ = {
			isa = PBXGroup;
			children = (
				EA62261E298E41C0007904D7 /* AppDelegate.swift */,
				EA622620298E41C0007904D7 /* SceneDelegate.swift */,
				EA622622298E41C0007904D7 /* ViewController.swift */,
				EA622633298E434E007904D7 /* raceVC.swift */,
				EA622636298E436A007904D7 /* matrixCountVC.swift */,
				EA622624298E41C0007904D7 /* Main.storyboard */,
				EA622627298E41D8007904D7 /* Assets.xcassets */,
				EA622629298E41D8007904D7 /* LaunchScreen.storyboard */,
				EA62262C298E41D8007904D7 /* Info.plist */,
				EA62261C298E41C0007904D7 /* Products */,
			);
			path = "lab8-exercise";
			sourceTree = "<group>";
		};
/* End PBXGroup section */

/* Begin PBXNativeTarget section */
		EA62261A298E41C0007904D7 /* lab8-exercise */ = {
			isa = PBXNativeTarget;
			buildConfigurationList = EA62262F298E41D8007904D7 /* Build configuration list for PBXNativeTarget "lab8-exercise" */;
			buildPhases = (
				EA622617298E41C0007904D7 /* Sources */,
				EA622618298E41C0007904D7 /* Frameworks */,
				EA622619298E41C0007904D7 /* Resources */,
			);
			buildRules = (
			);
			dependencies = (
			);
			name = "lab8-exercise";
			productName = "lab8-exercise";
			productReference = EA62261B298E41C0007904D7 /* lab8-exercise.app */;
			productType = "com.apple.product-type.application";
		};
/* End PBXNativeTarget section */

/* Begin PBXProject section */
		EA622613298E41C0007904D7 /* Project object */ = {
			isa = PBXProject;
			attributes = {
				LastSwiftUpdateCheck = 1240;
				LastUpgradeCheck = 1240;
				TargetAttributes = {
					EA62261A298E41C0007904D7 = {
						CreatedOnToolsVersion = 12.4;
					};
				};
			};
			buildConfigurationList = EA622616298E41C0007904D7 /* Build configuration list for PBXProject "lab8-exercise" */;
			compatibilityVersion = "Xcode 9.3";
			developmentRegion = en;
			hasScannedForEncodings = 0;
			knownRegions = (
				en,
				Base,
			);
			mainGroup = EA622612298E41C0007904D7;
			productRefGroup = EA62261C298E41C0007904D7 /* Products */;
			projectDirPath = "";
			projectRoot = "";
			targets = (
				EA62261A298E41C0007904D7 /* lab8-exercise */,
			);
		};
/* End PBXProject section */

/* Begin PBXResourcesBuildPhase section */
		EA622619298E41C0007904D7 /* Resources */ = {
			isa = PBXResourcesBuildPhase;
			buildActionMask = 2147483647;
			files = (
				EA62262B298E41D8007904D7 /* LaunchScreen.storyboard in Resources */,
				EA622628298E41D8007904D7 /* Assets.xcassets in Resources */,
				EA622626298E41C0007904D7 /* Main.storyboard in Resources */,
			);
			runOnlyForDeploymentPostprocessing = 0;
		};
/* End PBXResourcesBuildPhase section */

/* Begin PBXSourcesBuildPhase section */
		EA622617298E41C0007904D7 /* Sources */ = {
			isa = PBXSourcesBuildPhase;
			buildActionMask = 2147483647;
			files = (
				EA622623298E41C0007904D7 /* ViewController.swift in Sources */,
				EA62261F298E41C0007904D7 /* AppDelegate.swift in Sources */,
				EA622621298E41C0007904D7 /* SceneDelegate.swift in Sources */,
				EA622634298E434E007904D7 /* raceVC.swift in Sources */,
				EA622637298E436A007904D7 /* matrixCountVC.swift in Sources */,
			);
			runOnlyForDeploymentPostprocessing = 0;
		};
/* End PBXSourcesBuildPhase section */

/* Begin PBXVariantGroup section */
		EA622624298E41C0007904D7 /* Main.storyboard */ = {
			isa = PBXVariantGroup;
			children = (
				EA622625298E41C0007904D7 /* Base */,
			);
			name = Main.storyboard;
			sourceTree = "<group>";
		};
		EA622629298E41D8007904D7 /* LaunchScreen.storyboard */ = {
			isa = PBXVariantGroup;
			children = (
				EA62262A298E41D8007904D7 /* Base */,
			);
			name = LaunchScreen.storyboard;
			sourceTree = "<group>";
		};
/* End PBXVariantGroup section */

/* Begin XCBuildConfiguration section */
		EA62262D298E41D8007904D7 /* Debug */ = {
			isa = XCBuildConfiguration;
			buildSettings = {
				ALWAYS_SEARCH_USER_PATHS = NO;
				CLANG_ANALYZER_NONNULL = YES;
				CLANG_ANALYZER_NUMBER_OBJECT_CONVERSION = YES_AGGRESSIVE;
				CLANG_CXX_LANGUAGE_STANDARD = "gnu++14";
				CLANG_CXX_LIBRARY = "libc++";
				CLANG_ENABLE_MODULES = YES;
				CLANG_ENABLE_OBJC_ARC = YES;
				CLANG_ENABLE_OBJC_WEAK = YES;
				CLANG_WARN_BLOCK_CAPTURE_AUTORELEASING = YES;
				CLANG_WARN_BOOL_CONVERSION = YES;
				CLANG_WARN_COMMA = YES;
				CLANG_WARN_CONSTANT_CONVERSION = YES;
				CLANG_WARN_DEPRECATED_OBJC_IMPLEMENTATIONS = YES;
				CLANG_WARN_DIRECT_OBJC_ISA_USAGE = YES_ERROR;
				CLANG_WARN_DOCUMENTATION_COMMENTS = YES;
				CLANG_WARN_EMPTY_BODY = YES;
				CLANG_WARN_ENUM_CONVERSION = YES;
				CLANG_WARN_INFINITE_RECURSION = YES;
				CLANG_WARN_INT_CONVERSION = YES;
				CLANG_WARN_NON_LITERAL_NULL_CONVERSION = YES;
				CLANG_WARN_OBJC_IMPLICIT_RETAIN_SELF = YES;
				CLANG_WARN_OBJC_LITERAL_CONVERSION = YES;
				CLANG_WARN_OBJC_ROOT_CLASS = YES_ERROR;
				CLANG_WARN_QUOTED_INCLUDE_IN_FRAMEWORK_HEADER = YES;
				CLANG_WARN_RANGE_LOOP_ANALYSIS = YES;
				CLANG_WARN_STRICT_PROTOTYPES = YES;
				CLANG_WARN_SUSPICIOUS_MOVE = YES;
				CLANG_WARN_UNGUARDED_AVAILABILITY = YES_AGGRESSIVE;
				CLANG_WARN_UNREACHABLE_CODE = YES;
				CLANG_WARN__DUPLICATE_METHOD_MATCH = YES;
				COPY_PHASE_STRIP = NO;
				DEBUG_INFORMATION_FORMAT = dwarf;
				ENABLE_STRICT_OBJC_MSGSEND = YES;
				ENABLE_TESTABILITY = YES;
				GCC_C_LANGUAGE_STANDARD = gnu11;
				GCC_DYNAMIC_NO_PIC = NO;
				GCC_NO_COMMON_BLOCKS = YES;
				GCC_OPTIMIZATION_LEVEL = 0;
				GCC_PREPROCESSOR_DEFINITIONS = (
					"DEBUG=1",
					"$(inherited)",
				);
				GCC_WARN_64_TO_32_BIT_CONVERSION = YES;
				GCC_WARN_ABOUT_RETURN_TYPE = YES_ERROR;
				GCC_WARN_UNDECLARED_SELECTOR = YES;
				GCC_WARN_UNINITIALIZED_AUTOS = YES_AGGRESSIVE;
				GCC_WARN_UNUSED_FUNCTION = YES;
				GCC_WARN_UNUSED_VARIABLE = YES;
				IPHONEOS_DEPLOYMENT_TARGET = 14.4;
				MTL_ENABLE_DEBUG_INFO = INCLUDE_SOURCE;
				MTL_FAST_MATH = YES;
				ONLY_ACTIVE_ARCH = YES;
				SDKROOT = iphoneos;
				SWIFT_ACTIVE_COMPILATION_CONDITIONS = DEBUG;
				SWIFT_OPTIMIZATION_LEVEL = "-Onone";
			};
			name = Debug;
		};
		EA62262E298E41D8007904D7 /* Release */ = {
			isa = XCBuildConfiguration;
			buildSettings = {
				ALWAYS_SEARCH_USER_PATHS = NO;
				CLANG_ANALYZER_NONNULL = YES;
				CLANG_ANALYZER_NUMBER_OBJECT_CONVERSION = YES_AGGRESSIVE;
				CLANG_CXX_LANGUAGE_STANDARD = "gnu++14";
				CLANG_CXX_LIBRARY = "libc++";
				CLANG_ENABLE_MODULES = YES;
				CLANG_ENABLE_OBJC_ARC = YES;
				CLANG_ENABLE_OBJC_WEAK = YES;
				CLANG_WARN_BLOCK_CAPTURE_AUTORELEASING = YES;
				CLANG_WARN_BOOL_CONVERSION = YES;
				CLANG_WARN_COMMA = YES;
				CLANG_WARN_CONSTANT_CONVERSION = YES;
				CLANG_WARN_DEPRECATED_OBJC_IMPLEMENTATIONS = YES;
				CLANG_WARN_DIRECT_OBJC_ISA_USAGE = YES_ERROR;
				CLANG_WARN_DOCUMENTATION_COMMENTS = YES;
				CLANG_WARN_EMPTY_BODY = YES;
				CLANG_WARN_ENUM_CONVERSION = YES;
				CLANG_WARN_INFINITE_RECURSION = YES;
				CLANG_WARN_INT_CONVERSION = YES;
				CLANG_WARN_NON_LITERAL_NULL_CONVERSION = YES;
				CLANG_WARN_OBJC_IMPLICIT_RETAIN_SELF = YES;
				CLANG_WARN_OBJC_LITERAL_CONVERSION = YES;
				CLANG_WARN_OBJC_ROOT_CLASS = YES_ERROR;
				CLANG_WARN_QUOTED_INCLUDE_IN_FRAMEWORK_HEADER = YES;
				CLANG_WARN_RANGE_LOOP_ANALYSIS = YES;
				CLANG_WARN_STRICT_PROTOTYPES = YES;
				CLANG_WARN_SUSPICIOUS_MOVE = YES;
				CLANG_WARN_UNGUARDED_AVAILABILITY = YES_AGGRESSIVE;
				CLANG_WARN_UNREACHABLE_CODE = YES;
				CLANG_WARN__DUPLICATE_METHOD_MATCH = YES;
				COPY_PHASE_STRIP = NO;
				DEBUG_INFORMATION_FORMAT = "dwarf-with-dsym";
				ENABLE_NS_ASSERTIONS = NO;
				ENABLE_STRICT_OBJC_MSGSEND = YES;
				GCC_C_LANGUAGE_STANDARD = gnu11;
				GCC_NO_COMMON_BLOCKS = YES;
				GCC_WARN_64_TO_32_BIT_CONVERSION = YES;
				GCC_WARN_ABOUT_RETURN_TYPE = YES_ERROR;
				GCC_WARN_UNDECLARED_SELECTOR = YES;
				GCC_WARN_UNINITIALIZED_AUTOS = YES_AGGRESSIVE;
				GCC_WARN_UNUSED_FUNCTION = YES;
				GCC_WARN_UNUSED_VARIABLE = YES;
				IPHONEOS_DEPLOYMENT_TARGET = 14.4;
				MTL_ENABLE_DEBUG_INFO = NO;
				MTL_FAST_MATH = YES;
				SDKROOT = iphoneos;
				SWIFT_COMPILATION_MODE = wholemodule;
				SWIFT_OPTIMIZATION_LEVEL = "-O";
				VALIDATE_PRODUCT = YES;
			};
			name = Release;
		};
		EA622630298E41D8007904D7 /* Debug */ = {
			isa = XCBuildConfiguration;
			buildSettings = {
				ASSETCATALOG_COMPILER_APPICON_NAME = AppIcon;
				ASSETCATALOG_COMPILER_GLOBAL_ACCENT_COLOR_NAME = AccentColor;
				CODE_SIGN_STYLE = Automatic;
				DEVELOPMENT_TEAM = 4M6WN5V3KB;
				INFOPLIST_FILE = "lab8-exercise/Info.plist";
				IPHONEOS_DEPLOYMENT_TARGET = 14.1;
				LD_RUNPATH_SEARCH_PATHS = (
					"$(inherited)",
					"@executable_path/Frameworks",
				);
				PRODUCT_BUNDLE_IDENTIFIER = "order.lab8-exercise";
				PRODUCT_NAME = "$(TARGET_NAME)";
				SWIFT_VERSION = 5.0;
				TARGETED_DEVICE_FAMILY = "1,2";
			};
			name = Debug;
		};
		EA622631298E41D8007904D7 /* Release */ = {
			isa = XCBuildConfiguration;
			buildSettings = {
				ASSETCATALOG_COMPILER_APPICON_NAME = AppIcon;
				ASSETCATALOG_COMPILER_GLOBAL_ACCENT_COLOR_NAME = AccentColor;
				CODE_SIGN_STYLE = Automatic;
				DEVELOPMENT_TEAM = 4M6WN5V3KB;
				INFOPLIST_FILE = "lab8-exercise/Info.plist";
				IPHONEOS_DEPLOYMENT_TARGET = 14.1;
				LD_RUNPATH_SEARCH_PATHS = (
					"$(inherited)",
					"@executable_path/Frameworks",
				);
				PRODUCT_BUNDLE_IDENTIFIER = "order.lab8-exercise";
				PRODUCT_NAME = "$(TARGET_NAME)";
				SWIFT_VERSION = 5.0;
				TARGETED_DEVICE_FAMILY = "1,2";
			};
			name = Release;
		};
/* End XCBuildConfiguration section */

/* Begin XCConfigurationList section */
		EA622616298E41C0007904D7 /* Build configuration list for PBXProject "lab8-exercise" */ = {
			isa = XCConfigurationList;
			buildConfigurations = (
				EA62262D298E41D8007904D7 /* Debug */,
				EA62262E298E41D8007904D7 /* Release */,
			);
			defaultConfigurationIsVisible = 0;
			defaultConfigurationName = Release;
		};
		EA62262F298E41D8007904D7 /* Build configuration list for PBXNativeTarget "lab8-exercise" */ = {
			isa = XCConfigurationList;
			buildConfigurations = (
				EA622630298E41D8007904D7 /* Debug */,
				EA622631298E41D8007904D7 /* Release */,
			);
			defaultConfigurationIsVisible = 0;
			defaultConfigurationName = Release;
		};
/* End XCConfigurationList section */
	};
	rootObject = EA622613298E41C0007904D7 /* Project object */;
}
